// !$*UTF8*$!
{
	archiveVersion = 1;
	classes = {
	};
	objectVersion = 46;
	objects = {

/* Begin PBXBuildFile section */
		1EC363D6911160B063DB6CC87F595A5B /* UIKit.framework in Frameworks */ = {isa = PBXBuildFile; fileRef = 7EC994CDC2D681BA26389F78A7E4B325 /* UIKit.framework */; };
		566EA65277D377CE9AF9BC125521965B /* Foundation.framework in Frameworks */ = {isa = PBXBuildFile; fileRef = 616BEB51ECCAD129BDBCB7A956B56CC6 /* Foundation.framework */; };
		BBC8323FD69BD89E1F21B681E8E39AA4 /* Foundation.framework in Frameworks */ = {isa = PBXBuildFile; fileRef = 616BEB51ECCAD129BDBCB7A956B56CC6 /* Foundation.framework */; };
		C2B6886B20A1AA1200FC098F /* MASConstraint.m in Sources */ = {isa = PBXBuildFile; fileRef = C2B6885220A1AA1100FC098F /* MASConstraint.m */; };
		C2B6886C20A1AA1200FC098F /* MASViewAttribute.h in Headers */ = {isa = PBXBuildFile; fileRef = C2B6885320A1AA1100FC098F /* MASViewAttribute.h */; };
		C2B6886D20A1AA1200FC098F /* MASCompositeConstraint.h in Headers */ = {isa = PBXBuildFile; fileRef = C2B6885420A1AA1100FC098F /* MASCompositeConstraint.h */; };
		C2B6886E20A1AA1200FC098F /* View+MASShorthandAdditions.h in Headers */ = {isa = PBXBuildFile; fileRef = C2B6885520A1AA1100FC098F /* View+MASShorthandAdditions.h */; };
		C2B6886F20A1AA1200FC098F /* ViewController+MASAdditions.h in Headers */ = {isa = PBXBuildFile; fileRef = C2B6885620A1AA1100FC098F /* ViewController+MASAdditions.h */; };
		C2B6887020A1AA1200FC098F /* MASUtilities.h in Headers */ = {isa = PBXBuildFile; fileRef = C2B6885720A1AA1100FC098F /* MASUtilities.h */; };
		C2B6887120A1AA1200FC098F /* MASConstraintMaker.m in Sources */ = {isa = PBXBuildFile; fileRef = C2B6885820A1AA1100FC098F /* MASConstraintMaker.m */; };
		C2B6887220A1AA1200FC098F /* NSArray+MASShorthandAdditions.h in Headers */ = {isa = PBXBuildFile; fileRef = C2B6885920A1AA1100FC098F /* NSArray+MASShorthandAdditions.h */; };
		C2B6887320A1AA1200FC098F /* MASConstraintMaker.h in Headers */ = {isa = PBXBuildFile; fileRef = C2B6885A20A1AA1100FC098F /* MASConstraintMaker.h */; };
		C2B6887420A1AA1200FC098F /* MASConstraint.h in Headers */ = {isa = PBXBuildFile; fileRef = C2B6885B20A1AA1100FC098F /* MASConstraint.h */; };
		C2B6887520A1AA1200FC098F /* MASLayoutConstraint.m in Sources */ = {isa = PBXBuildFile; fileRef = C2B6885C20A1AA1100FC098F /* MASLayoutConstraint.m */; };
		C2B6887620A1AA1200FC098F /* Masonry.h in Headers */ = {isa = PBXBuildFile; fileRef = C2B6885D20A1AA1100FC098F /* Masonry.h */; };
		C2B6887720A1AA1200FC098F /* NSArray+MASAdditions.h in Headers */ = {isa = PBXBuildFile; fileRef = C2B6885E20A1AA1100FC098F /* NSArray+MASAdditions.h */; };
		C2B6887820A1AA1200FC098F /* NSLayoutConstraint+MASDebugAdditions.h in Headers */ = {isa = PBXBuildFile; fileRef = C2B6885F20A1AA1100FC098F /* NSLayoutConstraint+MASDebugAdditions.h */; };
		C2B6887920A1AA1200FC098F /* MASConstraint+Private.h in Headers */ = {isa = PBXBuildFile; fileRef = C2B6886020A1AA1100FC098F /* MASConstraint+Private.h */; };
		C2B6887A20A1AA1200FC098F /* MASLayoutConstraint.h in Headers */ = {isa = PBXBuildFile; fileRef = C2B6886120A1AA1100FC098F /* MASLayoutConstraint.h */; };
		C2B6887B20A1AA1200FC098F /* MASViewAttribute.m in Sources */ = {isa = PBXBuildFile; fileRef = C2B6886220A1AA1100FC098F /* MASViewAttribute.m */; };
		C2B6887C20A1AA1200FC098F /* NSLayoutConstraint+MASDebugAdditions.m in Sources */ = {isa = PBXBuildFile; fileRef = C2B6886320A1AA1100FC098F /* NSLayoutConstraint+MASDebugAdditions.m */; };
		C2B6887D20A1AA1200FC098F /* View+MASAdditions.m in Sources */ = {isa = PBXBuildFile; fileRef = C2B6886420A1AA1200FC098F /* View+MASAdditions.m */; };
		C2B6887E20A1AA1200FC098F /* MASViewConstraint.h in Headers */ = {isa = PBXBuildFile; fileRef = C2B6886520A1AA1200FC098F /* MASViewConstraint.h */; };
		C2B6887F20A1AA1200FC098F /* ViewController+MASAdditions.m in Sources */ = {isa = PBXBuildFile; fileRef = C2B6886620A1AA1200FC098F /* ViewController+MASAdditions.m */; };
		C2B6888020A1AA1200FC098F /* MASViewConstraint.m in Sources */ = {isa = PBXBuildFile; fileRef = C2B6886720A1AA1200FC098F /* MASViewConstraint.m */; };
		C2B6888120A1AA1200FC098F /* View+MASAdditions.h in Headers */ = {isa = PBXBuildFile; fileRef = C2B6886820A1AA1200FC098F /* View+MASAdditions.h */; };
		C2B6888220A1AA1200FC098F /* NSArray+MASAdditions.m in Sources */ = {isa = PBXBuildFile; fileRef = C2B6886920A1AA1200FC098F /* NSArray+MASAdditions.m */; };
		C2B6888320A1AA1200FC098F /* MASCompositeConstraint.m in Sources */ = {isa = PBXBuildFile; fileRef = C2B6886A20A1AA1200FC098F /* MASCompositeConstraint.m */; };
		C2B6889520A1AB4600FC098F /* Pods-mediaPlay-dummy.m in Sources */ = {isa = PBXBuildFile; fileRef = C2B6888E20A1AB4600FC098F /* Pods-mediaPlay-dummy.m */; };
		C2B6889920A1B00500FC098F /* Masonry-dummy.m in Sources */ = {isa = PBXBuildFile; fileRef = C2B6889720A1B00500FC098F /* Masonry-dummy.m */; };
		C2B6889A20A1B00500FC098F /* Masonry-prefix.pch in Headers */ = {isa = PBXBuildFile; fileRef = C2B6889820A1B00500FC098F /* Masonry-prefix.pch */; };
/* End PBXBuildFile section */

/* Begin PBXContainerItemProxy section */
		6987421EFD7D199C4CC03635CAB84775 /* PBXContainerItemProxy */ = {
			isa = PBXContainerItemProxy;
			containerPortal = D41D8CD98F00B204E9800998ECF8427E /* Project object */;
			proxyType = 1;
			remoteGlobalIDString = 9DC8D9E02903E93BD0B2FEC9D846EA20;
			remoteInfo = Masonry;
		};
/* End PBXContainerItemProxy section */

/* Begin PBXFileReference section */
		616BEB51ECCAD129BDBCB7A956B56CC6 /* Foundation.framework */ = {isa = PBXFileReference; lastKnownFileType = wrapper.framework; name = Foundation.framework; path = Platforms/iPhoneOS.platform/Developer/SDKs/iPhoneOS10.0.sdk/System/Library/Frameworks/Foundation.framework; sourceTree = DEVELOPER_DIR; };
		7EC994CDC2D681BA26389F78A7E4B325 /* UIKit.framework */ = {isa = PBXFileReference; lastKnownFileType = wrapper.framework; name = UIKit.framework; path = Platforms/iPhoneOS.platform/Developer/SDKs/iPhoneOS10.0.sdk/System/Library/Frameworks/UIKit.framework; sourceTree = DEVELOPER_DIR; };
		93A4A3777CF96A4AAC1D13BA6DCCEA73 /* Podfile */ = {isa = PBXFileReference; explicitFileType = text.script.ruby; includeInIndex = 1; name = Podfile; path = ../Podfile; sourceTree = SOURCE_ROOT; xcLanguageSpecificationIdentifier = xcode.lang.ruby; };
		A05E1C758E0DDE2E4FB024D396CCA93C /* libPods-mediaPlay.a */ = {isa = PBXFileReference; explicitFileType = archive.ar; includeInIndex = 0; path = "libPods-mediaPlay.a"; sourceTree = BUILT_PRODUCTS_DIR; };
		C2B6885220A1AA1100FC098F /* MASConstraint.m */ = {isa = PBXFileReference; fileEncoding = 4; lastKnownFileType = sourcecode.c.objc; name = MASConstraint.m; path = Masonry/MASConstraint.m; sourceTree = "<group>"; };
		C2B6885320A1AA1100FC098F /* MASViewAttribute.h */ = {isa = PBXFileReference; fileEncoding = 4; lastKnownFileType = sourcecode.c.h; name = MASViewAttribute.h; path = Masonry/MASViewAttribute.h; sourceTree = "<group>"; };
		C2B6885420A1AA1100FC098F /* MASCompositeConstraint.h */ = {isa = PBXFileReference; fileEncoding = 4; lastKnownFileType = sourcecode.c.h; name = MASCompositeConstraint.h; path = Masonry/MASCompositeConstraint.h; sourceTree = "<group>"; };
		C2B6885520A1AA1100FC098F /* View+MASShorthandAdditions.h */ = {isa = PBXFileReference; fileEncoding = 4; lastKnownFileType = sourcecode.c.h; name = "View+MASShorthandAdditions.h"; path = "Masonry/View+MASShorthandAdditions.h"; sourceTree = "<group>"; };
		C2B6885620A1AA1100FC098F /* ViewController+MASAdditions.h */ = {isa = PBXFileReference; fileEncoding = 4; lastKnownFileType = sourcecode.c.h; name = "ViewController+MASAdditions.h"; path = "Masonry/ViewController+MASAdditions.h"; sourceTree = "<group>"; };
		C2B6885720A1AA1100FC098F /* MASUtilities.h */ = {isa = PBXFileReference; fileEncoding = 4; lastKnownFileType = sourcecode.c.h; name = MASUtilities.h; path = Masonry/MASUtilities.h; sourceTree = "<group>"; };
		C2B6885820A1AA1100FC098F /* MASConstraintMaker.m */ = {isa = PBXFileReference; fileEncoding = 4; lastKnownFileType = sourcecode.c.objc; name = MASConstraintMaker.m; path = Masonry/MASConstraintMaker.m; sourceTree = "<group>"; };
		C2B6885920A1AA1100FC098F /* NSArray+MASShorthandAdditions.h */ = {isa = PBXFileReference; fileEncoding = 4; lastKnownFileType = sourcecode.c.h; name = "NSArray+MASShorthandAdditions.h"; path = "Masonry/NSArray+MASShorthandAdditions.h"; sourceTree = "<group>"; };
		C2B6885A20A1AA1100FC098F /* MASConstraintMaker.h */ = {isa = PBXFileReference; fileEncoding = 4; lastKnownFileType = sourcecode.c.h; name = MASConstraintMaker.h; path = Masonry/MASConstraintMaker.h; sourceTree = "<group>"; };
		C2B6885B20A1AA1100FC098F /* MASConstraint.h */ = {isa = PBXFileReference; fileEncoding = 4; lastKnownFileType = sourcecode.c.h; name = MASConstraint.h; path = Masonry/MASConstraint.h; sourceTree = "<group>"; };
		C2B6885C20A1AA1100FC098F /* MASLayoutConstraint.m */ = {isa = PBXFileReference; fileEncoding = 4; lastKnownFileType = sourcecode.c.objc; name = MASLayoutConstraint.m; path = Masonry/MASLayoutConstraint.m; sourceTree = "<group>"; };
		C2B6885D20A1AA1100FC098F /* Masonry.h */ = {isa = PBXFileReference; fileEncoding = 4; lastKnownFileType = sourcecode.c.h; name = Masonry.h; path = Masonry/Masonry.h; sourceTree = "<group>"; };
		C2B6885E20A1AA1100FC098F /* NSArray+MASAdditions.h */ = {isa = PBXFileReference; fileEncoding = 4; lastKnownFileType = sourcecode.c.h; name = "NSArray+MASAdditions.h"; path = "Masonry/NSArray+MASAdditions.h"; sourceTree = "<group>"; };
		C2B6885F20A1AA1100FC098F /* NSLayoutConstraint+MASDebugAdditions.h */ = {isa = PBXFileReference; fileEncoding = 4; lastKnownFileType = sourcecode.c.h; name = "NSLayoutConstraint+MASDebugAdditions.h"; path = "Masonry/NSLayoutConstraint+MASDebugAdditions.h"; sourceTree = "<group>"; };
		C2B6886020A1AA1100FC098F /* MASConstraint+Private.h */ = {isa = PBXFileReference; fileEncoding = 4; lastKnownFileType = sourcecode.c.h; name = "MASConstraint+Private.h"; path = "Masonry/MASConstraint+Private.h"; sourceTree = "<group>"; };
		C2B6886120A1AA1100FC098F /* MASLayoutConstraint.h */ = {isa = PBXFileReference; fileEncoding = 4; lastKnownFileType = sourcecode.c.h; name = MASLayoutConstraint.h; path = Masonry/MASLayoutConstraint.h; sourceTree = "<group>"; };
		C2B6886220A1AA1100FC098F /* MASViewAttribute.m */ = {isa = PBXFileReference; fileEncoding = 4; lastKnownFileType = sourcecode.c.objc; name = MASViewAttribute.m; path = Masonry/MASViewAttribute.m; sourceTree = "<group>"; };
		C2B6886320A1AA1100FC098F /* NSLayoutConstraint+MASDebugAdditions.m */ = {isa = PBXFileReference; fileEncoding = 4; lastKnownFileType = sourcecode.c.objc; name = "NSLayoutConstraint+MASDebugAdditions.m"; path = "Masonry/NSLayoutConstraint+MASDebugAdditions.m"; sourceTree = "<group>"; };
		C2B6886420A1AA1200FC098F /* View+MASAdditions.m */ = {isa = PBXFileReference; fileEncoding = 4; lastKnownFileType = sourcecode.c.objc; name = "View+MASAdditions.m"; path = "Masonry/View+MASAdditions.m"; sourceTree = "<group>"; };
		C2B6886520A1AA1200FC098F /* MASViewConstraint.h */ = {isa = PBXFileReference; fileEncoding = 4; lastKnownFileType = sourcecode.c.h; name = MASViewConstraint.h; path = Masonry/MASViewConstraint.h; sourceTree = "<group>"; };
		C2B6886620A1AA1200FC098F /* ViewController+MASAdditions.m */ = {isa = PBXFileReference; fileEncoding = 4; lastKnownFileType = sourcecode.c.objc; name = "ViewController+MASAdditions.m"; path = "Masonry/ViewController+MASAdditions.m"; sourceTree = "<group>"; };
		C2B6886720A1AA1200FC098F /* MASViewConstraint.m */ = {isa = PBXFileReference; fileEncoding = 4; lastKnownFileType = sourcecode.c.objc; name = MASViewConstraint.m; path = Masonry/MASViewConstraint.m; sourceTree = "<group>"; };
		C2B6886820A1AA1200FC098F /* View+MASAdditions.h */ = {isa = PBXFileReference; fileEncoding = 4; lastKnownFileType = sourcecode.c.h; name = "View+MASAdditions.h"; path = "Masonry/View+MASAdditions.h"; sourceTree = "<group>"; };
		C2B6886920A1AA1200FC098F /* NSArray+MASAdditions.m */ = {isa = PBXFileReference; fileEncoding = 4; lastKnownFileType = sourcecode.c.objc; name = "NSArray+MASAdditions.m"; path = "Masonry/NSArray+MASAdditions.m"; sourceTree = "<group>"; };
		C2B6886A20A1AA1200FC098F /* MASCompositeConstraint.m */ = {isa = PBXFileReference; fileEncoding = 4; lastKnownFileType = sourcecode.c.objc; name = MASCompositeConstraint.m; path = Masonry/MASCompositeConstraint.m; sourceTree = "<group>"; };
		C2B6888C20A1AB4600FC098F /* Pods-mediaPlay-acknowledgements.markdown */ = {isa = PBXFileReference; fileEncoding = 4; lastKnownFileType = net.daringfireball.markdown; path = "Pods-mediaPlay-acknowledgements.markdown"; sourceTree = "<group>"; };
		C2B6888D20A1AB4600FC098F /* Pods-mediaPlay-acknowledgements.plist */ = {isa = PBXFileReference; fileEncoding = 4; lastKnownFileType = text.plist.xml; path = "Pods-mediaPlay-acknowledgements.plist"; sourceTree = "<group>"; };
		C2B6888E20A1AB4600FC098F /* Pods-mediaPlay-dummy.m */ = {isa = PBXFileReference; fileEncoding = 4; lastKnownFileType = sourcecode.c.objc; path = "Pods-mediaPlay-dummy.m"; sourceTree = "<group>"; };
		C2B6888F20A1AB4600FC098F /* Pods-mediaPlay-frameworks.sh */ = {isa = PBXFileReference; fileEncoding = 4; lastKnownFileType = text.script.sh; path = "Pods-mediaPlay-frameworks.sh"; sourceTree = "<group>"; };
		C2B6889020A1AB4600FC098F /* Pods-mediaPlay-resources.sh */ = {isa = PBXFileReference; fileEncoding = 4; lastKnownFileType = text.script.sh; path = "Pods-mediaPlay-resources.sh"; sourceTree = "<group>"; };
		C2B6889120A1AB4600FC098F /* Pods-mediaPlay.debug.xcconfig */ = {isa = PBXFileReference; fileEncoding = 4; lastKnownFileType = text.xcconfig; path = "Pods-mediaPlay.debug.xcconfig"; sourceTree = "<group>"; };
		C2B6889220A1AB4600FC098F /* Pods-mediaPlay.release.xcconfig */ = {isa = PBXFileReference; fileEncoding = 4; lastKnownFileType = text.xcconfig; path = "Pods-mediaPlay.release.xcconfig"; sourceTree = "<group>"; };
		C2B6889620A1B00500FC098F /* Masonry.xcconfig */ = {isa = PBXFileReference; fileEncoding = 4; lastKnownFileType = text.xcconfig; name = Masonry.xcconfig; path = "../Pods/Target Support Files/Masonry/Masonry.xcconfig"; sourceTree = "<group>"; };
		C2B6889720A1B00500FC098F /* Masonry-dummy.m */ = {isa = PBXFileReference; fileEncoding = 4; lastKnownFileType = sourcecode.c.objc; name = "Masonry-dummy.m"; path = "../Pods/Target Support Files/Masonry/Masonry-dummy.m"; sourceTree = "<group>"; };
		C2B6889820A1B00500FC098F /* Masonry-prefix.pch */ = {isa = PBXFileReference; fileEncoding = 4; lastKnownFileType = sourcecode.c.h; name = "Masonry-prefix.pch"; path = "../Pods/Target Support Files/Masonry/Masonry-prefix.pch"; sourceTree = "<group>"; };
		D72E61BB5627A95EE8D65832651A4C0F /* libMasonry.a */ = {isa = PBXFileReference; explicitFileType = archive.ar; includeInIndex = 0; path = libMasonry.a; sourceTree = BUILT_PRODUCTS_DIR; };
/* End PBXFileReference section */

/* Begin PBXFrameworksBuildPhase section */
		6FD8312A1AEB348F49A81C438DB25115 /* Frameworks */ = {
			isa = PBXFrameworksBuildPhase;
			buildActionMask = 2147483647;
			files = (
				566EA65277D377CE9AF9BC125521965B /* Foundation.framework in Frameworks */,
				1EC363D6911160B063DB6CC87F595A5B /* UIKit.framework in Frameworks */,
			);
			runOnlyForDeploymentPostprocessing = 0;
		};
		F680D5FAC63CE31813A1011E0A6F93D8 /* Frameworks */ = {
			isa = PBXFrameworksBuildPhase;
			buildActionMask = 2147483647;
			files = (
				BBC8323FD69BD89E1F21B681E8E39AA4 /* Foundation.framework in Frameworks */,
			);
			runOnlyForDeploymentPostprocessing = 0;
		};
/* End PBXFrameworksBuildPhase section */

/* Begin PBXGroup section */
		433CD3331B6C3787F473C941B61FC68F /* Frameworks */ = {
			isa = PBXGroup;
			children = (
				E6EE98446B568159EE277B68FD442AF0 /* iOS */,
			);
			name = Frameworks;
			sourceTree = "<group>";
		};
		7DB346D0F39D3F0E887471402A8071AB = {
			isa = PBXGroup;
			children = (
				93A4A3777CF96A4AAC1D13BA6DCCEA73 /* Podfile */,
				433CD3331B6C3787F473C941B61FC68F /* Frameworks */,
				E9B49E9D4F6BC02AA78DCF86BCED2145 /* Pods */,
				FD96D5B0B63DABAABB700D1DCDAA87AD /* Products */,
				7DC0A5E549006484BDEFDBBAB9B2B504 /* Targets Support Files */,
			);
			sourceTree = "<group>";
		};
		7DC0A5E549006484BDEFDBBAB9B2B504 /* Targets Support Files */ = {
			isa = PBXGroup;
			children = (
				C2B6889720A1B00500FC098F /* Masonry-dummy.m */,
				C2B6889820A1B00500FC098F /* Masonry-prefix.pch */,
				C2B6889620A1B00500FC098F /* Masonry.xcconfig */,
				C2B6888B20A1AB4600FC098F /* Pods-mediaPlay */,
			);
			name = "Targets Support Files";
			sourceTree = "<group>";
		};
		C2B6881C20A1A9C800FC098F /* Masonry */ = {
			isa = PBXGroup;
			children = (
				C2B6885420A1AA1100FC098F /* MASCompositeConstraint.h */,
				C2B6886A20A1AA1200FC098F /* MASCompositeConstraint.m */,
				C2B6885B20A1AA1100FC098F /* MASConstraint.h */,
				C2B6885220A1AA1100FC098F /* MASConstraint.m */,
				C2B6886020A1AA1100FC098F /* MASConstraint+Private.h */,
				C2B6885A20A1AA1100FC098F /* MASConstraintMaker.h */,
				C2B6885820A1AA1100FC098F /* MASConstraintMaker.m */,
				C2B6886120A1AA1100FC098F /* MASLayoutConstraint.h */,
				C2B6885C20A1AA1100FC098F /* MASLayoutConstraint.m */,
				C2B6885D20A1AA1100FC098F /* Masonry.h */,
				C2B6885720A1AA1100FC098F /* MASUtilities.h */,
				C2B6885320A1AA1100FC098F /* MASViewAttribute.h */,
				C2B6886220A1AA1100FC098F /* MASViewAttribute.m */,
				C2B6886520A1AA1200FC098F /* MASViewConstraint.h */,
				C2B6886720A1AA1200FC098F /* MASViewConstraint.m */,
				C2B6885E20A1AA1100FC098F /* NSArray+MASAdditions.h */,
				C2B6886920A1AA1200FC098F /* NSArray+MASAdditions.m */,
				C2B6885920A1AA1100FC098F /* NSArray+MASShorthandAdditions.h */,
				C2B6885F20A1AA1100FC098F /* NSLayoutConstraint+MASDebugAdditions.h */,
				C2B6886320A1AA1100FC098F /* NSLayoutConstraint+MASDebugAdditions.m */,
				C2B6886820A1AA1200FC098F /* View+MASAdditions.h */,
				C2B6886420A1AA1200FC098F /* View+MASAdditions.m */,
				C2B6885520A1AA1100FC098F /* View+MASShorthandAdditions.h */,
				C2B6885620A1AA1100FC098F /* ViewController+MASAdditions.h */,
				C2B6886620A1AA1200FC098F /* ViewController+MASAdditions.m */,
			);
			name = Masonry;
			path = ../Pods/Masonry;
			sourceTree = "<group>";
		};
		C2B6888B20A1AB4600FC098F /* Pods-mediaPlay */ = {
			isa = PBXGroup;
			children = (
				C2B6888C20A1AB4600FC098F /* Pods-mediaPlay-acknowledgements.markdown */,
				C2B6888D20A1AB4600FC098F /* Pods-mediaPlay-acknowledgements.plist */,
				C2B6888E20A1AB4600FC098F /* Pods-mediaPlay-dummy.m */,
				C2B6888F20A1AB4600FC098F /* Pods-mediaPlay-frameworks.sh */,
				C2B6889020A1AB4600FC098F /* Pods-mediaPlay-resources.sh */,
				C2B6889120A1AB4600FC098F /* Pods-mediaPlay.debug.xcconfig */,
				C2B6889220A1AB4600FC098F /* Pods-mediaPlay.release.xcconfig */,
			);
			name = "Pods-mediaPlay";
			path = "../Pods/Target Support Files/Pods-mediaPlay";
			sourceTree = "<group>";
		};
		E6EE98446B568159EE277B68FD442AF0 /* iOS */ = {
			isa = PBXGroup;
			children = (
				616BEB51ECCAD129BDBCB7A956B56CC6 /* Foundation.framework */,
				7EC994CDC2D681BA26389F78A7E4B325 /* UIKit.framework */,
			);
			name = iOS;
			sourceTree = "<group>";
		};
		E9B49E9D4F6BC02AA78DCF86BCED2145 /* Pods */ = {
			isa = PBXGroup;
			children = (
				C2B6881C20A1A9C800FC098F /* Masonry */,
			);
			name = Pods;
			sourceTree = "<group>";
		};
		FD96D5B0B63DABAABB700D1DCDAA87AD /* Products */ = {
			isa = PBXGroup;
			children = (
				D72E61BB5627A95EE8D65832651A4C0F /* libMasonry.a */,
				A05E1C758E0DDE2E4FB024D396CCA93C /* libPods-mediaPlay.a */,
			);
			name = Products;
			sourceTree = "<group>";
		};
/* End PBXGroup section */

/* Begin PBXHeadersBuildPhase section */
		BDF73468622762862D2FB76ED4AC0D8E /* Headers */ = {
			isa = PBXHeadersBuildPhase;
			buildActionMask = 2147483647;
			files = (
				C2B6886C20A1AA1200FC098F /* MASViewAttribute.h in Headers */,
				C2B6887220A1AA1200FC098F /* NSArray+MASShorthandAdditions.h in Headers */,
				C2B6887A20A1AA1200FC098F /* MASLayoutConstraint.h in Headers */,
				C2B6886F20A1AA1200FC098F /* ViewController+MASAdditions.h in Headers */,
				C2B6887420A1AA1200FC098F /* MASConstraint.h in Headers */,
				C2B6887320A1AA1200FC098F /* MASConstraintMaker.h in Headers */,
				C2B6887820A1AA1200FC098F /* NSLayoutConstraint+MASDebugAdditions.h in Headers */,
				C2B6886E20A1AA1200FC098F /* View+MASShorthandAdditions.h in Headers */,
				C2B6888120A1AA1200FC098F /* View+MASAdditions.h in Headers */,
				C2B6886D20A1AA1200FC098F /* MASCompositeConstraint.h in Headers */,
				C2B6887720A1AA1200FC098F /* NSArray+MASAdditions.h in Headers */,
				C2B6887E20A1AA1200FC098F /* MASViewConstraint.h in Headers */,
				C2B6887920A1AA1200FC098F /* MASConstraint+Private.h in Headers */,
				C2B6887620A1AA1200FC098F /* Masonry.h in Headers */,
				C2B6887020A1AA1200FC098F /* MASUtilities.h in Headers */,
				C2B6889A20A1B00500FC098F /* Masonry-prefix.pch in Headers */,
			);
			runOnlyForDeploymentPostprocessing = 0;
		};
/* End PBXHeadersBuildPhase section */

/* Begin PBXNativeTarget section */
		156D50EA742238D906D455DD1406FEB0 /* Pods-mediaPlay */ = {
			isa = PBXNativeTarget;
			buildConfigurationList = B4906A3077431442579284F49CFAD052 /* Build configuration list for PBXNativeTarget "Pods-mediaPlay" */;
			buildPhases = (
				529F8B1D99031E3509B490EB8A00B9BD /* Sources */,
				F680D5FAC63CE31813A1011E0A6F93D8 /* Frameworks */,
			);
			buildRules = (
			);
			dependencies = (
				C6891BA272B0B02087BAF872D3860A86 /* PBXTargetDependency */,
			);
			name = "Pods-mediaPlay";
			productName = "Pods-mediaPlay";
			productReference = A05E1C758E0DDE2E4FB024D396CCA93C /* libPods-mediaPlay.a */;
			productType = "com.apple.product-type.library.static";
		};
		9DC8D9E02903E93BD0B2FEC9D846EA20 /* Masonry */ = {
			isa = PBXNativeTarget;
			buildConfigurationList = 34CAE1CB89EDBF2E53735CC5D4E5E69F /* Build configuration list for PBXNativeTarget "Masonry" */;
			buildPhases = (
				C4BE2DC1E815E7367562323223772531 /* Sources */,
				6FD8312A1AEB348F49A81C438DB25115 /* Frameworks */,
				BDF73468622762862D2FB76ED4AC0D8E /* Headers */,
			);
			buildRules = (
			);
			dependencies = (
			);
			name = Masonry;
			productName = Masonry;
			productReference = D72E61BB5627A95EE8D65832651A4C0F /* libMasonry.a */;
			productType = "com.apple.product-type.library.static";
		};
/* End PBXNativeTarget section */

/* Begin PBXProject section */
		D41D8CD98F00B204E9800998ECF8427E /* Project object */ = {
			isa = PBXProject;
			attributes = {
				LastSwiftUpdateCheck = 0730;
				LastUpgradeCheck = 0700;
			};
			buildConfigurationList = 2D8E8EC45A3A1A1D94AE762CB5028504 /* Build configuration list for PBXProject "Pods" */;
			compatibilityVersion = "Xcode 3.2";
			developmentRegion = English;
			hasScannedForEncodings = 0;
			knownRegions = (
				en,
			);
			mainGroup = 7DB346D0F39D3F0E887471402A8071AB;
			productRefGroup = FD96D5B0B63DABAABB700D1DCDAA87AD /* Products */;
			projectDirPath = "";
			projectRoot = "";
			targets = (
				9DC8D9E02903E93BD0B2FEC9D846EA20 /* Masonry */,
				156D50EA742238D906D455DD1406FEB0 /* Pods-mediaPlay */,
			);
		};
/* End PBXProject section */

/* Begin PBXSourcesBuildPhase section */
		529F8B1D99031E3509B490EB8A00B9BD /* Sources */ = {
			isa = PBXSourcesBuildPhase;
			buildActionMask = 2147483647;
			files = (
			);
			runOnlyForDeploymentPostprocessing = 0;
		};
		C4BE2DC1E815E7367562323223772531 /* Sources */ = {
			isa = PBXSourcesBuildPhase;
			buildActionMask = 2147483647;
			files = (
				C2B6889920A1B00500FC098F /* Masonry-dummy.m in Sources */,
				C2B6886B20A1AA1200FC098F /* MASConstraint.m in Sources */,
				C2B6887B20A1AA1200FC098F /* MASViewAttribute.m in Sources */,
				C2B6887D20A1AA1200FC098F /* View+MASAdditions.m in Sources */,
				C2B6889520A1AB4600FC098F /* Pods-mediaPlay-dummy.m in Sources */,
				C2B6887520A1AA1200FC098F /* MASLayoutConstraint.m in Sources */,
				C2B6888320A1AA1200FC098F /* MASCompositeConstraint.m in Sources */,
				C2B6887F20A1AA1200FC098F /* ViewController+MASAdditions.m in Sources */,
				C2B6888220A1AA1200FC098F /* NSArray+MASAdditions.m in Sources */,
				C2B6887C20A1AA1200FC098F /* NSLayoutConstraint+MASDebugAdditions.m in Sources */,
				C2B6887120A1AA1200FC098F /* MASConstraintMaker.m in Sources */,
				C2B6888020A1AA1200FC098F /* MASViewConstraint.m in Sources */,
			);
			runOnlyForDeploymentPostprocessing = 0;
		};
/* End PBXSourcesBuildPhase section */

/* Begin PBXTargetDependency section */
		C6891BA272B0B02087BAF872D3860A86 /* PBXTargetDependency */ = {
			isa = PBXTargetDependency;
			name = Masonry;
			target = 9DC8D9E02903E93BD0B2FEC9D846EA20 /* Masonry */;
			targetProxy = 6987421EFD7D199C4CC03635CAB84775 /* PBXContainerItemProxy */;
		};
/* End PBXTargetDependency section */

/* Begin XCBuildConfiguration section */
		015A368F878AC3E2CEAE21DDE8026304 /* Debug */ = {
			isa = XCBuildConfiguration;
			buildSettings = {
				ALWAYS_SEARCH_USER_PATHS = NO;
				CLANG_ANALYZER_NONNULL = YES;
				CLANG_CXX_LANGUAGE_STANDARD = "gnu++0x";
				CLANG_CXX_LIBRARY = "libc++";
				CLANG_ENABLE_MODULES = YES;
				CLANG_ENABLE_OBJC_ARC = YES;
				CLANG_WARN_BOOL_CONVERSION = YES;
				CLANG_WARN_CONSTANT_CONVERSION = YES;
				CLANG_WARN_DIRECT_OBJC_ISA_USAGE = YES;
				CLANG_WARN_EMPTY_BODY = YES;
				CLANG_WARN_ENUM_CONVERSION = YES;
				CLANG_WARN_INT_CONVERSION = YES;
				CLANG_WARN_OBJC_ROOT_CLASS = YES;
				CLANG_WARN_UNREACHABLE_CODE = YES;
				CLANG_WARN__DUPLICATE_METHOD_MATCH = YES;
				CODE_SIGNING_REQUIRED = NO;
				COPY_PHASE_STRIP = NO;
				ENABLE_TESTABILITY = YES;
				GCC_C_LANGUAGE_STANDARD = gnu99;
				GCC_DYNAMIC_NO_PIC = NO;
				GCC_OPTIMIZATION_LEVEL = 0;
				GCC_PREPROCESSOR_DEFINITIONS = (
					"POD_CONFIGURATION_DEBUG=1",
					"DEBUG=1",
					"$(inherited)",
				);
				GCC_SYMBOLS_PRIVATE_EXTERN = NO;
				GCC_WARN_64_TO_32_BIT_CONVERSION = YES;
				GCC_WARN_ABOUT_RETURN_TYPE = YES;
				GCC_WARN_UNDECLARED_SELECTOR = YES;
				GCC_WARN_UNINITIALIZED_AUTOS = YES;
				GCC_WARN_UNUSED_FUNCTION = YES;
				GCC_WARN_UNUSED_VARIABLE = YES;
				IPHONEOS_DEPLOYMENT_TARGET = 8.0;
				ONLY_ACTIVE_ARCH = YES;
				PROVISIONING_PROFILE_SPECIFIER = NO_SIGNING/;
				STRIP_INSTALLED_PRODUCT = NO;
				SYMROOT = "${SRCROOT}/../build";
			};
			name = Debug;
		};
		0E0BB1D22D6E40BB024B299CCCA3D7C6 /* Debug */ = {
			isa = XCBuildConfiguration;
			buildSettings = {
				"CODE_SIGN_IDENTITY[sdk=appletvos*]" = "";
				"CODE_SIGN_IDENTITY[sdk=iphoneos*]" = "";
				"CODE_SIGN_IDENTITY[sdk=watchos*]" = "";
				DEBUG_INFORMATION_FORMAT = dwarf;
				ENABLE_STRICT_OBJC_MSGSEND = YES;
				GCC_NO_COMMON_BLOCKS = YES;
				IPHONEOS_DEPLOYMENT_TARGET = 8.0;
				MACH_O_TYPE = staticlib;
				MTL_ENABLE_DEBUG_INFO = YES;
				OTHER_LDFLAGS = "";
				OTHER_LIBTOOLFLAGS = "";
				PODS_ROOT = "$(SRCROOT)";
				PRODUCT_BUNDLE_IDENTIFIER = "org.cocoapods.${PRODUCT_NAME:rfc1034identifier}";
				PRODUCT_NAME = "$(TARGET_NAME)";
				SDKROOT = iphoneos;
				SKIP_INSTALL = YES;
			};
			name = Debug;
		};
		44CDBB6D11DE06DB64D6268622BDC47E /* Release */ = {
			isa = XCBuildConfiguration;
			buildSettings = {
				ALWAYS_SEARCH_USER_PATHS = NO;
				CLANG_ANALYZER_NONNULL = YES;
				CLANG_CXX_LANGUAGE_STANDARD = "gnu++0x";
				CLANG_CXX_LIBRARY = "libc++";
				CLANG_ENABLE_MODULES = YES;
				CLANG_ENABLE_OBJC_ARC = YES;
				CLANG_WARN_BOOL_CONVERSION = YES;
				CLANG_WARN_CONSTANT_CONVERSION = YES;
				CLANG_WARN_DIRECT_OBJC_ISA_USAGE = YES;
				CLANG_WARN_EMPTY_BODY = YES;
				CLANG_WARN_ENUM_CONVERSION = YES;
				CLANG_WARN_INT_CONVERSION = YES;
				CLANG_WARN_OBJC_ROOT_CLASS = YES;
				CLANG_WARN_UNREACHABLE_CODE = YES;
				CLANG_WARN__DUPLICATE_METHOD_MATCH = YES;
				CODE_SIGNING_REQUIRED = NO;
				COPY_PHASE_STRIP = YES;
				ENABLE_NS_ASSERTIONS = NO;
				GCC_C_LANGUAGE_STANDARD = gnu99;
				GCC_PREPROCESSOR_DEFINITIONS = (
					"POD_CONFIGURATION_RELEASE=1",
					"$(inherited)",
				);
				GCC_WARN_64_TO_32_BIT_CONVERSION = YES;
				GCC_WARN_ABOUT_RETURN_TYPE = YES;
				GCC_WARN_UNDECLARED_SELECTOR = YES;
				GCC_WARN_UNINITIALIZED_AUTOS = YES;
				GCC_WARN_UNUSED_FUNCTION = YES;
				GCC_WARN_UNUSED_VARIABLE = YES;
				IPHONEOS_DEPLOYMENT_TARGET = 8.0;
				PROVISIONING_PROFILE_SPECIFIER = NO_SIGNING/;
				STRIP_INSTALLED_PRODUCT = NO;
				SYMROOT = "${SRCROOT}/../build";
				VALIDATE_PRODUCT = YES;
			};
			name = Release;
		};
		5A6ACE61C4D128598EA7472C87982601 /* Debug */ = {
			isa = XCBuildConfiguration;
			buildSettings = {
				"CODE_SIGN_IDENTITY[sdk=appletvos*]" = "";
				"CODE_SIGN_IDENTITY[sdk=iphoneos*]" = "";
				"CODE_SIGN_IDENTITY[sdk=watchos*]" = "";
				DEBUG_INFORMATION_FORMAT = dwarf;
				ENABLE_STRICT_OBJC_MSGSEND = YES;
				GCC_NO_COMMON_BLOCKS = YES;
				GCC_PREFIX_HEADER = "Target Support Files/Masonry-prefix.pch";
				IPHONEOS_DEPLOYMENT_TARGET = 6.0;
				MTL_ENABLE_DEBUG_INFO = YES;
				OTHER_LDFLAGS = "";
				OTHER_LIBTOOLFLAGS = "";
				PRIVATE_HEADERS_FOLDER_PATH = "";
				PRODUCT_NAME = "$(TARGET_NAME)";
				PUBLIC_HEADERS_FOLDER_PATH = "";
				SDKROOT = iphoneos;
				SKIP_INSTALL = YES;
			};
			name = Debug;
		};
		6CA42F62CE0652819ED46936FE31E065 /* Release */ = {
			isa = XCBuildConfiguration;
			buildSettings = {
				"CODE_SIGN_IDENTITY[sdk=appletvos*]" = "";
				"CODE_SIGN_IDENTITY[sdk=iphoneos*]" = "";
				"CODE_SIGN_IDENTITY[sdk=watchos*]" = "";
				DEBUG_INFORMATION_FORMAT = "dwarf-with-dsym";
				ENABLE_STRICT_OBJC_MSGSEND = YES;
				GCC_NO_COMMON_BLOCKS = YES;
				GCC_PREFIX_HEADER = "Target Support Files/Masonry-prefix.pch";
				IPHONEOS_DEPLOYMENT_TARGET = 6.0;
				MTL_ENABLE_DEBUG_INFO = NO;
				OTHER_LDFLAGS = "";
				OTHER_LIBTOOLFLAGS = "";
				PRIVATE_HEADERS_FOLDER_PATH = "";
				PRODUCT_NAME = "$(TARGET_NAME)";
				PUBLIC_HEADERS_FOLDER_PATH = "";
				SDKROOT = iphoneos;
				SKIP_INSTALL = YES;
			};
			name = Release;
		};
		B116BCBEB37A018E9C8BC6B6BED43B25 /* Release */ = {
			isa = XCBuildConfiguration;
			buildSettings = {
				"CODE_SIGN_IDENTITY[sdk=appletvos*]" = "";
				"CODE_SIGN_IDENTITY[sdk=iphoneos*]" = "";
				"CODE_SIGN_IDENTITY[sdk=watchos*]" = "";
				DEBUG_INFORMATION_FORMAT = "dwarf-with-dsym";
				ENABLE_STRICT_OBJC_MSGSEND = YES;
				GCC_NO_COMMON_BLOCKS = YES;
				IPHONEOS_DEPLOYMENT_TARGET = 8.0;
				MACH_O_TYPE = staticlib;
				MTL_ENABLE_DEBUG_INFO = NO;
				OTHER_LDFLAGS = "";
				OTHER_LIBTOOLFLAGS = "";
				PODS_ROOT = "$(SRCROOT)";
				PRODUCT_BUNDLE_IDENTIFIER = "org.cocoapods.${PRODUCT_NAME:rfc1034identifier}";
				PRODUCT_NAME = "$(TARGET_NAME)";
				SDKROOT = iphoneos;
				SKIP_INSTALL = YES;
			};
			name = Release;
		};
/* End XCBuildConfiguration section */

/* Begin XCConfigurationList section */
		2D8E8EC45A3A1A1D94AE762CB5028504 /* Build configuration list for PBXProject "Pods" */ = {
			isa = XCConfigurationList;
			buildConfigurations = (
				015A368F878AC3E2CEAE21DDE8026304 /* Debug */,
				44CDBB6D11DE06DB64D6268622BDC47E /* Release */,
			);
			defaultConfigurationIsVisible = 0;
			defaultConfigurationName = Release;
		};
		34CAE1CB89EDBF2E53735CC5D4E5E69F /* Build configuration list for PBXNativeTarget "Masonry" */ = {
			isa = XCConfigurationList;
			buildConfigurations = (
				5A6ACE61C4D128598EA7472C87982601 /* Debug */,
				6CA42F62CE0652819ED46936FE31E065 /* Release */,
			);
			defaultConfigurationIsVisible = 0;
			defaultConfigurationName = Release;
		};
		B4906A3077431442579284F49CFAD052 /* Build configuration list for PBXNativeTarget "Pods-mediaPlay" */ = {
			isa = XCConfigurationList;
			buildConfigurations = (
				0E0BB1D22D6E40BB024B299CCCA3D7C6 /* Debug */,
				B116BCBEB37A018E9C8BC6B6BED43B25 /* Release */,
			);
			defaultConfigurationIsVisible = 0;
			defaultConfigurationName = Release;
		};
/* End XCConfigurationList section */
	};
	rootObject = D41D8CD98F00B204E9800998ECF8427E /* Project object */;
}
